
Microsoft Visual Studio Solution File, Format Version 12.00
# Visual Studio Version 17
VisualStudioVersion = 17.11.35312.102
MinimumVisualStudioVersion = 10.0.40219.1
Project("{9A19103F-16F7-4668-BE54-9A1E7A4F7556}") = "OddEvenServer", "OddEvenServer.csproj", "{8D501717-29EE-447B-9E2B-C0A4F730D57C}"
EndProject
Project("{9A19103F-16F7-4668-BE54-9A1E7A4F7556}") = "OddEvenTests", "..\OddEvenTests\OddEvenTests.csproj", "{5E16AC1B-C12B-4036-BA04-B67DBB0F1D92}"
EndProject
Project("{9A19103F-16F7-4668-BE54-9A1E7A4F7556}") = "OddEvenClient", "..\OddEvenClient\OddEvenClient.csproj", "{11DA35AA-7502-41E2-94B7-79611AF6F1DD}"
EndProject
Project("{2150E333-8FDC-42A3-9474-1A3956D46DE8}") = "Элементы решения", "Элементы решения", "{8DD31F36-F43D-4AD6-AF97-3CE0DF958EF1}"
EndProject
Global
	GlobalSection(SolutionConfigurationPlatforms) = preSolution
		Debug|Any CPU = Debug|Any CPU
		Release|Any CPU = Release|Any CPU
	EndGlobalSection
	GlobalSection(ProjectConfigurationPlatforms) = postSolution
		{8D501717-29EE-447B-9E2B-C0A4F730D57C}.Debug|Any CPU.ActiveCfg = Debug|Any CPU
		{8D501717-29EE-447B-9E2B-C0A4F730D57C}.Debug|Any CPU.Build.0 = Debug|Any CPU
		{8D501717-29EE-447B-9E2B-C0A4F730D57C}.Release|Any CPU.ActiveCfg = Release|Any CPU
		{8D501717-29EE-447B-9E2B-C0A4F730D57C}.Release|Any CPU.Build.0 = Release|Any CPU
		{5E16AC1B-C12B-4036-BA04-B67DBB0F1D92}.Debug|Any CPU.ActiveCfg = Debug|Any CPU
		{5E16AC1B-C12B-4036-BA04-B67DBB0F1D92}.Debug|Any CPU.Build.0 = Debug|Any CPU
		{5E16AC1B-C12B-4036-BA04-B67DBB0F1D92}.Release|Any CPU.ActiveCfg = Release|Any CPU
		{5E16AC1B-C12B-4036-BA04-B67DBB0F1D92}.Release|Any CPU.Build.0 = Release|Any CPU
		{11DA35AA-7502-41E2-94B7-79611AF6F1DD}.Debug|Any CPU.ActiveCfg = Debug|Any CPU
		{11DA35AA-7502-41E2-94B7-79611AF6F1DD}.Debug|Any CPU.Build.0 = Debug|Any CPU
		{11DA35AA-7502-41E2-94B7-79611AF6F1DD}.Release|Any CPU.ActiveCfg = Release|Any CPU
		{11DA35AA-7502-41E2-94B7-79611AF6F1DD}.Release|Any CPU.Build.0 = Release|Any CPU
	EndGlobalSection
	GlobalSection(SolutionProperties) = preSolution
		HideSolutionNode = FALSE
	EndGlobalSection
	GlobalSection(ExtensibilityGlobals) = postSolution
		SolutionGuid = {F6FE28C9-990D-46C1-8861-F0B55B138546}
	EndGlobalSection
EndGlobal
